github.com/go-telegram/bot v1.24.0 h1:W/tWeUm8pkVkCGdf0n00fzJD/D31iAJ9RHFvIAZ2G9M=
github.com/go-telegram/bot v1.24.0/go.mod h1:i2TRs7fXWIeaceF3z7KzsMt/he0TwkVC680mvdTFYeM=
github.com/pyed/rtapi v0.1.0 h1:+37ZGnthE10pfENFZNJWaGhcI68eRg6vCtNBxb1JHbg=
github.com/pyed/rtapi v0.1.0/go.mod h1:ZVaEEGwDASPd7XLFsLHeRa7Hqe2uGV2L2cLaRg9jqVg=
